
Microsoft Visual Studio Solution File, Format Version 12.00
# Visual Studio Version 17
VisualStudioVersion = 17.0.31521.260
MinimumVisualStudioVersion = 10.0.40219.1
Project("{9A19103F-16F7-4668-BE54-9A1E7A4F7556}") = "Checkers", "Checkers\Checkers.csproj", "{EB2E2264-F918-4D58-8172-1D7CFF36A024}"
EndProject
Project("{9A19103F-16F7-4668-BE54-9A1E7A4F7556}") = "GameServer", "GameServer\GameServer.csproj", "{CAC5DA46-B5BE-42EA-A6BA-3DB6F58925C9}"
	ProjectSection(ProjectDependencies) = postProject
		{EB2E2264-F918-4D58-8172-1D7CFF36A024} = {EB2E2264-F918-4D58-8172-1D7CFF36A024}
	EndProjectSection
EndProject
Project("{9A19103F-16F7-4668-BE54-9A1E7A4F7556}") = "WebService", "WebService\WebService.csproj", "{3B5E0B81-1CF0-4558-BB31-A12512F78A9F}"
	ProjectSection(ProjectDependencies) = postProject
		{EB2E2264-F918-4D58-8172-1D7CFF36A024} = {EB2E2264-F918-4D58-8172-1D7CFF36A024}
	EndProjectSection
EndProject
Project("{9A19103F-16F7-4668-BE54-9A1E7A4F7556}") = "OldWinFormsClient", "OldWinFormsClient\OldWinFormsClient.csproj", "{AE2C67C2-ACB6-47B5-8A28-7FE305BC5D37}"
EndProject
Project("{9A19103F-16F7-4668-BE54-9A1E7A4F7556}") = "DatabaseStartup", "DatabaseStartup\DatabaseStartup.csproj", "{CED91C5A-DA28-427F-991A-18A0C2694C26}"
	ProjectSection(ProjectDependencies) = postProject
		{EB2E2264-F918-4D58-8172-1D7CFF36A024} = {EB2E2264-F918-4D58-8172-1D7CFF36A024}
	EndProjectSection
EndProject
Project("{9A19103F-16F7-4668-BE54-9A1E7A4F7556}") = "ApiTest", "ApiTest\ApiTest.csproj", "{AD0F1D8E-00DE-4D54-835E-4C5A16047D69}"
	ProjectSection(ProjectDependencies) = postProject
		{EB2E2264-F918-4D58-8172-1D7CFF36A024} = {EB2E2264-F918-4D58-8172-1D7CFF36A024}
	EndProjectSection
EndProject
Project("{FAE04EC0-301F-11D3-BF4B-00C04F79EFBC}") = "WinFormsClient", "WinFormsClient\WinFormsClient.csproj", "{25BDDF51-AB27-4001-A1E1-34E830643AD9}"
EndProject
Global
	GlobalSection(SolutionConfigurationPlatforms) = preSolution
		Debug|Any CPU = Debug|Any CPU
		Release|Any CPU = Release|Any CPU
	EndGlobalSection
	GlobalSection(ProjectConfigurationPlatforms) = postSolution
		{EB2E2264-F918-4D58-8172-1D7CFF36A024}.Debug|Any CPU.ActiveCfg = Debug|Any CPU
		{EB2E2264-F918-4D58-8172-1D7CFF36A024}.Debug|Any CPU.Build.0 = Debug|Any CPU
		{EB2E2264-F918-4D58-8172-1D7CFF36A024}.Release|Any CPU.ActiveCfg = Release|Any CPU
		{EB2E2264-F918-4D58-8172-1D7CFF36A024}.Release|Any CPU.Build.0 = Release|Any CPU
		{CAC5DA46-B5BE-42EA-A6BA-3DB6F58925C9}.Debug|Any CPU.ActiveCfg = Debug|Any CPU
		{CAC5DA46-B5BE-42EA-A6BA-3DB6F58925C9}.Debug|Any CPU.Build.0 = Debug|Any CPU
		{CAC5DA46-B5BE-42EA-A6BA-3DB6F58925C9}.Release|Any CPU.ActiveCfg = Release|Any CPU
		{CAC5DA46-B5BE-42EA-A6BA-3DB6F58925C9}.Release|Any CPU.Build.0 = Release|Any CPU
		{3B5E0B81-1CF0-4558-BB31-A12512F78A9F}.Debug|Any CPU.ActiveCfg = Debug|Any CPU
		{3B5E0B81-1CF0-4558-BB31-A12512F78A9F}.Debug|Any CPU.Build.0 = Debug|Any CPU
		{3B5E0B81-1CF0-4558-BB31-A12512F78A9F}.Release|Any CPU.ActiveCfg = Release|Any CPU
		{3B5E0B81-1CF0-4558-BB31-A12512F78A9F}.Release|Any CPU.Build.0 = Release|Any CPU
		{AE2C67C2-ACB6-47B5-8A28-7FE305BC5D37}.Debug|Any CPU.ActiveCfg = Debug|Any CPU
		{AE2C67C2-ACB6-47B5-8A28-7FE305BC5D37}.Debug|Any CPU.Build.0 = Debug|Any CPU
		{AE2C67C2-ACB6-47B5-8A28-7FE305BC5D37}.Release|Any CPU.ActiveCfg = Release|Any CPU
		{AE2C67C2-ACB6-47B5-8A28-7FE305BC5D37}.Release|Any CPU.Build.0 = Release|Any CPU
		{CED91C5A-DA28-427F-991A-18A0C2694C26}.Debug|Any CPU.ActiveCfg = Debug|Any CPU
		{CED91C5A-DA28-427F-991A-18A0C2694C26}.Debug|Any CPU.Build.0 = Debug|Any CPU
		{CED91C5A-DA28-427F-991A-18A0C2694C26}.Release|Any CPU.ActiveCfg = Release|Any CPU
		{CED91C5A-DA28-427F-991A-18A0C2694C26}.Release|Any CPU.Build.0 = Release|Any CPU
		{AD0F1D8E-00DE-4D54-835E-4C5A16047D69}.Debug|Any CPU.ActiveCfg = Debug|Any CPU
		{AD0F1D8E-00DE-4D54-835E-4C5A16047D69}.Debug|Any CPU.Build.0 = Debug|Any CPU
		{AD0F1D8E-00DE-4D54-835E-4C5A16047D69}.Release|Any CPU.ActiveCfg = Release|Any CPU
		{AD0F1D8E-00DE-4D54-835E-4C5A16047D69}.Release|Any CPU.Build.0 = Release|Any CPU
		{25BDDF51-AB27-4001-A1E1-34E830643AD9}.Debug|Any CPU.ActiveCfg = Debug|Any CPU
		{25BDDF51-AB27-4001-A1E1-34E830643AD9}.Debug|Any CPU.Build.0 = Debug|Any CPU
		{25BDDF51-AB27-4001-A1E1-34E830643AD9}.Release|Any CPU.ActiveCfg = Release|Any CPU
		{25BDDF51-AB27-4001-A1E1-34E830643AD9}.Release|Any CPU.Build.0 = Release|Any CPU
	EndGlobalSection
	GlobalSection(SolutionProperties) = preSolution
		HideSolutionNode = FALSE
	EndGlobalSection
	GlobalSection(ExtensibilityGlobals) = postSolution
		SolutionGuid = {ADBE878D-327E-46F1-A79F-F86657A4014F}
	EndGlobalSection
EndGlobal
