
Microsoft Visual Studio Solution File, Format Version 12.00
# Visual Studio Version 17
VisualStudioVersion = 17.0.31521.260
MinimumVisualStudioVersion = 10.0.40219.1
Project("{9A19103F-16F7-4668-BE54-9A1E7A4F7556}") = "WebService", "WebService\WebService.csproj", "{3B5E0B81-1CF0-4558-BB31-A12512F78A9F}"
	ProjectSection(ProjectDependencies) = postProject
		{612B51B4-E37E-4C6D-A07E-44BC5441191B} = {612B51B4-E37E-4C6D-A07E-44BC5441191B}
		{DE2D27D1-CC11-4ED3-BBCD-03190A243B2E} = {DE2D27D1-CC11-4ED3-BBCD-03190A243B2E}
	EndProjectSection
EndProject
Project("{9A19103F-16F7-4668-BE54-9A1E7A4F7556}") = "DatabaseStartup", "DatabaseStartup\DatabaseStartup.csproj", "{CED91C5A-DA28-427F-991A-18A0C2694C26}"
EndProject
Project("{9A19103F-16F7-4668-BE54-9A1E7A4F7556}") = "ApiTest", "ApiTest\ApiTest.csproj", "{AD0F1D8E-00DE-4D54-835E-4C5A16047D69}"
	ProjectSection(ProjectDependencies) = postProject
		{7531C773-4CAF-4D51-83CE-73F58C040A2E} = {7531C773-4CAF-4D51-83CE-73F58C040A2E}
	EndProjectSection
EndProject
Project("{9A19103F-16F7-4668-BE54-9A1E7A4F7556}") = "ConsoleTest", "ConsoleTest\ConsoleTest.csproj", "{94FF9027-0BDC-4BEC-BCE1-135F58C5E095}"
EndProject
Project("{9A19103F-16F7-4668-BE54-9A1E7A4F7556}") = "Server", "Server\Server.csproj", "{7454CCAF-0303-471A-893A-07A4E7A5F87A}"
	ProjectSection(ProjectDependencies) = postProject
		{29C6E93E-C0C7-4ADD-AB27-F23484348393} = {29C6E93E-C0C7-4ADD-AB27-F23484348393}
	EndProjectSection
EndProject
Project("{9A19103F-16F7-4668-BE54-9A1E7A4F7556}") = "Common", "Common\Common.csproj", "{DE2D27D1-CC11-4ED3-BBCD-03190A243B2E}"
EndProject
Project("{9A19103F-16F7-4668-BE54-9A1E7A4F7556}") = "GameModel", "GameModel\GameModel.csproj", "{E7186F96-93F0-4829-83BD-AF23BBC614E4}"
	ProjectSection(ProjectDependencies) = postProject
		{DE2D27D1-CC11-4ED3-BBCD-03190A243B2E} = {DE2D27D1-CC11-4ED3-BBCD-03190A243B2E}
	EndProjectSection
EndProject
Project("{9A19103F-16F7-4668-BE54-9A1E7A4F7556}") = "GameTransmission", "GameTransmission\GameTransmission.csproj", "{0BA434DC-C7EC-46E4-ADD5-E966246FABBA}"
	ProjectSection(ProjectDependencies) = postProject
		{E7186F96-93F0-4829-83BD-AF23BBC614E4} = {E7186F96-93F0-4829-83BD-AF23BBC614E4}
	EndProjectSection
EndProject
Project("{9A19103F-16F7-4668-BE54-9A1E7A4F7556}") = "ApiContract", "ApiContract\ApiContract.csproj", "{612B51B4-E37E-4C6D-A07E-44BC5441191B}"
EndProject
Project("{9A19103F-16F7-4668-BE54-9A1E7A4F7556}") = "Api", "Api\Api.csproj", "{7531C773-4CAF-4D51-83CE-73F58C040A2E}"
	ProjectSection(ProjectDependencies) = postProject
		{612B51B4-E37E-4C6D-A07E-44BC5441191B} = {612B51B4-E37E-4C6D-A07E-44BC5441191B}
		{DE2D27D1-CC11-4ED3-BBCD-03190A243B2E} = {DE2D27D1-CC11-4ED3-BBCD-03190A243B2E}
	EndProjectSection
EndProject
Project("{9A19103F-16F7-4668-BE54-9A1E7A4F7556}") = "GameServer", "GameServer\GameServer.csproj", "{29C6E93E-C0C7-4ADD-AB27-F23484348393}"
EndProject
Project("{9A19103F-16F7-4668-BE54-9A1E7A4F7556}") = "GameClient", "GameClient\GameClient.csproj", "{316E7719-5645-406A-83ED-66AF10871468}"
EndProject
Project("{9A19103F-16F7-4668-BE54-9A1E7A4F7556}") = "Site", "Site\Site.csproj", "{E7CD284E-F835-47E5-8211-E771F6B46D14}"
Project("{9A19103F-16F7-4668-BE54-9A1E7A4F7556}") = "GameClient", "GameClient\GameClient.csproj", "{316E7719-5645-406A-83ED-66AF10871468}"
EndProject
Project("{9A19103F-16F7-4668-BE54-9A1E7A4F7556}") = "WinFormsClient", "WinFormsClient\WinFormsClient.csproj", "{A887534D-ADFF-4935-B0AF-E38A371AD74E}"
EndProject
Global
	GlobalSection(SolutionConfigurationPlatforms) = preSolution
		Debug|Any CPU = Debug|Any CPU
		Release|Any CPU = Release|Any CPU
	EndGlobalSection
	GlobalSection(ProjectConfigurationPlatforms) = postSolution
		{3B5E0B81-1CF0-4558-BB31-A12512F78A9F}.Debug|Any CPU.ActiveCfg = Debug|Any CPU
		{3B5E0B81-1CF0-4558-BB31-A12512F78A9F}.Debug|Any CPU.Build.0 = Debug|Any CPU
		{3B5E0B81-1CF0-4558-BB31-A12512F78A9F}.Release|Any CPU.ActiveCfg = Release|Any CPU
		{3B5E0B81-1CF0-4558-BB31-A12512F78A9F}.Release|Any CPU.Build.0 = Release|Any CPU
		{CED91C5A-DA28-427F-991A-18A0C2694C26}.Debug|Any CPU.ActiveCfg = Debug|Any CPU
		{CED91C5A-DA28-427F-991A-18A0C2694C26}.Debug|Any CPU.Build.0 = Debug|Any CPU
		{CED91C5A-DA28-427F-991A-18A0C2694C26}.Release|Any CPU.ActiveCfg = Release|Any CPU
		{CED91C5A-DA28-427F-991A-18A0C2694C26}.Release|Any CPU.Build.0 = Release|Any CPU
		{AD0F1D8E-00DE-4D54-835E-4C5A16047D69}.Debug|Any CPU.ActiveCfg = Debug|Any CPU
		{AD0F1D8E-00DE-4D54-835E-4C5A16047D69}.Debug|Any CPU.Build.0 = Debug|Any CPU
		{AD0F1D8E-00DE-4D54-835E-4C5A16047D69}.Release|Any CPU.ActiveCfg = Release|Any CPU
		{AD0F1D8E-00DE-4D54-835E-4C5A16047D69}.Release|Any CPU.Build.0 = Release|Any CPU
		{94FF9027-0BDC-4BEC-BCE1-135F58C5E095}.Debug|Any CPU.ActiveCfg = Debug|Any CPU
		{94FF9027-0BDC-4BEC-BCE1-135F58C5E095}.Debug|Any CPU.Build.0 = Debug|Any CPU
		{94FF9027-0BDC-4BEC-BCE1-135F58C5E095}.Release|Any CPU.ActiveCfg = Release|Any CPU
		{94FF9027-0BDC-4BEC-BCE1-135F58C5E095}.Release|Any CPU.Build.0 = Release|Any CPU
		{7454CCAF-0303-471A-893A-07A4E7A5F87A}.Debug|Any CPU.ActiveCfg = Debug|Any CPU
		{7454CCAF-0303-471A-893A-07A4E7A5F87A}.Debug|Any CPU.Build.0 = Debug|Any CPU
		{7454CCAF-0303-471A-893A-07A4E7A5F87A}.Release|Any CPU.ActiveCfg = Release|Any CPU
		{7454CCAF-0303-471A-893A-07A4E7A5F87A}.Release|Any CPU.Build.0 = Release|Any CPU
		{DE2D27D1-CC11-4ED3-BBCD-03190A243B2E}.Debug|Any CPU.ActiveCfg = Debug|Any CPU
		{DE2D27D1-CC11-4ED3-BBCD-03190A243B2E}.Debug|Any CPU.Build.0 = Debug|Any CPU
		{DE2D27D1-CC11-4ED3-BBCD-03190A243B2E}.Release|Any CPU.ActiveCfg = Release|Any CPU
		{DE2D27D1-CC11-4ED3-BBCD-03190A243B2E}.Release|Any CPU.Build.0 = Release|Any CPU
		{E7186F96-93F0-4829-83BD-AF23BBC614E4}.Debug|Any CPU.ActiveCfg = Debug|Any CPU
		{E7186F96-93F0-4829-83BD-AF23BBC614E4}.Debug|Any CPU.Build.0 = Debug|Any CPU
		{E7186F96-93F0-4829-83BD-AF23BBC614E4}.Release|Any CPU.ActiveCfg = Release|Any CPU
		{E7186F96-93F0-4829-83BD-AF23BBC614E4}.Release|Any CPU.Build.0 = Release|Any CPU
		{0BA434DC-C7EC-46E4-ADD5-E966246FABBA}.Debug|Any CPU.ActiveCfg = Debug|Any CPU
		{0BA434DC-C7EC-46E4-ADD5-E966246FABBA}.Debug|Any CPU.Build.0 = Debug|Any CPU
		{0BA434DC-C7EC-46E4-ADD5-E966246FABBA}.Release|Any CPU.ActiveCfg = Release|Any CPU
		{0BA434DC-C7EC-46E4-ADD5-E966246FABBA}.Release|Any CPU.Build.0 = Release|Any CPU
		{612B51B4-E37E-4C6D-A07E-44BC5441191B}.Debug|Any CPU.ActiveCfg = Debug|Any CPU
		{612B51B4-E37E-4C6D-A07E-44BC5441191B}.Debug|Any CPU.Build.0 = Debug|Any CPU
		{612B51B4-E37E-4C6D-A07E-44BC5441191B}.Release|Any CPU.ActiveCfg = Release|Any CPU
		{612B51B4-E37E-4C6D-A07E-44BC5441191B}.Release|Any CPU.Build.0 = Release|Any CPU
		{7531C773-4CAF-4D51-83CE-73F58C040A2E}.Debug|Any CPU.ActiveCfg = Debug|Any CPU
		{7531C773-4CAF-4D51-83CE-73F58C040A2E}.Debug|Any CPU.Build.0 = Debug|Any CPU
		{7531C773-4CAF-4D51-83CE-73F58C040A2E}.Release|Any CPU.ActiveCfg = Release|Any CPU
		{7531C773-4CAF-4D51-83CE-73F58C040A2E}.Release|Any CPU.Build.0 = Release|Any CPU
		{29C6E93E-C0C7-4ADD-AB27-F23484348393}.Debug|Any CPU.ActiveCfg = Debug|Any CPU
		{29C6E93E-C0C7-4ADD-AB27-F23484348393}.Debug|Any CPU.Build.0 = Debug|Any CPU
		{29C6E93E-C0C7-4ADD-AB27-F23484348393}.Release|Any CPU.ActiveCfg = Release|Any CPU
		{29C6E93E-C0C7-4ADD-AB27-F23484348393}.Release|Any CPU.Build.0 = Release|Any CPU
		{316E7719-5645-406A-83ED-66AF10871468}.Debug|Any CPU.ActiveCfg = Debug|Any CPU
		{316E7719-5645-406A-83ED-66AF10871468}.Debug|Any CPU.Build.0 = Debug|Any CPU
		{316E7719-5645-406A-83ED-66AF10871468}.Release|Any CPU.ActiveCfg = Release|Any CPU
		{316E7719-5645-406A-83ED-66AF10871468}.Release|Any CPU.Build.0 = Release|Any CPU
		{E7CD284E-F835-47E5-8211-E771F6B46D14}.Debug|Any CPU.ActiveCfg = Debug|Any CPU
		{E7CD284E-F835-47E5-8211-E771F6B46D14}.Debug|Any CPU.Build.0 = Debug|Any CPU
		{E7CD284E-F835-47E5-8211-E771F6B46D14}.Release|Any CPU.ActiveCfg = Release|Any CPU
		{E7CD284E-F835-47E5-8211-E771F6B46D14}.Release|Any CPU.Build.0 = Release|Any CPU
		{A887534D-ADFF-4935-B0AF-E38A371AD74E}.Debug|Any CPU.ActiveCfg = Debug|Any CPU
		{A887534D-ADFF-4935-B0AF-E38A371AD74E}.Debug|Any CPU.Build.0 = Debug|Any CPU
		{A887534D-ADFF-4935-B0AF-E38A371AD74E}.Release|Any CPU.ActiveCfg = Release|Any CPU
		{A887534D-ADFF-4935-B0AF-E38A371AD74E}.Release|Any CPU.Build.0 = Release|Any CPU
	EndGlobalSection
	GlobalSection(SolutionProperties) = preSolution
		HideSolutionNode = FALSE
	EndGlobalSection
	GlobalSection(ExtensibilityGlobals) = postSolution
		SolutionGuid = {ADBE878D-327E-46F1-A79F-F86657A4014F}
	EndGlobalSection
EndGlobal
