
Microsoft Visual Studio Solution File, Format Version 12.00
# Visual Studio Version 17
VisualStudioVersion = 17.0.31903.59
MinimumVisualStudioVersion = 10.0.40219.1
Project("{FAE04EC0-301F-11D3-BF4B-00C04F79EFBC}") = "Site", "Site.csproj", "{36127BEB-85B6-4E00-8117-D6BB8746928F}"
EndProject
Global
	GlobalSection(SolutionConfigurationPlatforms) = preSolution
		Debug|Any CPU = Debug|Any CPU
		Release|Any CPU = Release|Any CPU
	EndGlobalSection
	GlobalSection(ProjectConfigurationPlatforms) = postSolution
		{36127BEB-85B6-4E00-8117-D6BB8746928F}.Debug|Any CPU.ActiveCfg = Debug|Any CPU
		{36127BEB-85B6-4E00-8117-D6BB8746928F}.Debug|Any CPU.Build.0 = Debug|Any CPU
		{36127BEB-85B6-4E00-8117-D6BB8746928F}.Release|Any CPU.ActiveCfg = Release|Any CPU
		{36127BEB-85B6-4E00-8117-D6BB8746928F}.Release|Any CPU.Build.0 = Release|Any CPU
	EndGlobalSection
	GlobalSection(SolutionProperties) = preSolution
		HideSolutionNode = FALSE
	EndGlobalSection
	GlobalSection(ExtensibilityGlobals) = postSolution
		SolutionGuid = {67EF5E38-3520-4DDF-B745-CBC45AF8C384}
	EndGlobalSection
EndGlobal
